// !$*UTF8*$!
{
	archiveVersion = 1;
	classes = {
	};
	objectVersion = 46;
	objects = {

/* Begin PBXBuildFile section */
		685D13381A582DE200230FFA /* Questionnaire.m in Sources */ = {isa = PBXBuildFile; fileRef = 685D13371A582DE200230FFA /* Questionnaire.m */; };
		685D133A1A598A4B00230FFA /* valider.png in Resources */ = {isa = PBXBuildFile; fileRef = 685D13391A598A4B00230FFA /* valider.png */; };
		689DF0441A18C6920076133D /* ViewListeDeroulanteExamenThematique.m in Sources */ = {isa = PBXBuildFile; fileRef = 689DF0431A18C6920076133D /* ViewListeDeroulanteExamenThematique.m */; };
		689DF04A1A191D7C0076133D /* ViewQuestionnaire.m in Sources */ = {isa = PBXBuildFile; fileRef = 689DF0491A191D7C0076133D /* ViewQuestionnaire.m */; };
		689DF0541A1A7FCC0076133D /* Reponse.m in Sources */ = {isa = PBXBuildFile; fileRef = 689DF0531A1A7FCC0076133D /* Reponse.m */; };
		68B58B941A176F930026C3B0 /* main.m in Sources */ = {isa = PBXBuildFile; fileRef = 68B58B931A176F930026C3B0 /* main.m */; };
		68B58B971A176F930026C3B0 /* AppDelegate.m in Sources */ = {isa = PBXBuildFile; fileRef = 68B58B961A176F930026C3B0 /* AppDelegate.m */; };
		68B58B9A1A176F940026C3B0 /* Permis_Bateau.xcdatamodeld in Sources */ = {isa = PBXBuildFile; fileRef = 68B58B981A176F940026C3B0 /* Permis_Bateau.xcdatamodeld */; };
		68B58B9D1A176F940026C3B0 /* ViewController.m in Sources */ = {isa = PBXBuildFile; fileRef = 68B58B9C1A176F940026C3B0 /* ViewController.m */; };
		68B58BA01A176F940026C3B0 /* Main.storyboard in Resources */ = {isa = PBXBuildFile; fileRef = 68B58B9E1A176F940026C3B0 /* Main.storyboard */; };
		68B58BA21A176F940026C3B0 /* Images.xcassets in Resources */ = {isa = PBXBuildFile; fileRef = 68B58BA11A176F940026C3B0 /* Images.xcassets */; };
		68B58BA51A176F940026C3B0 /* LaunchScreen.xib in Resources */ = {isa = PBXBuildFile; fileRef = 68B58BA31A176F940026C3B0 /* LaunchScreen.xib */; };
		68B58BB11A176F940026C3B0 /* Permis_BateauTests.m in Sources */ = {isa = PBXBuildFile; fileRef = 68B58BB01A176F940026C3B0 /* Permis_BateauTests.m */; };
		68B58BBC1A1774530026C3B0 /* Question.m in Sources */ = {isa = PBXBuildFile; fileRef = 68B58BBB1A1774530026C3B0 /* Question.m */; };
		68B58BBF1A1774540026C3B0 /* Theme.m in Sources */ = {isa = PBXBuildFile; fileRef = 68B58BBE1A1774540026C3B0 /* Theme.m */; };
/* End PBXBuildFile section */

/* Begin PBXContainerItemProxy section */
		68B58BAB1A176F940026C3B0 /* PBXContainerItemProxy */ = {
			isa = PBXContainerItemProxy;
			containerPortal = 68B58B861A176F930026C3B0 /* Project object */;
			proxyType = 1;
			remoteGlobalIDString = 68B58B8D1A176F930026C3B0;
			remoteInfo = "Permis Bateau";
		};
/* End PBXContainerItemProxy section */

/* Begin PBXFileReference section */
		685D13361A582DE200230FFA /* Questionnaire.h */ = {isa = PBXFileReference; fileEncoding = 4; lastKnownFileType = sourcecode.c.h; path = Questionnaire.h; sourceTree = "<group>"; };
		685D13371A582DE200230FFA /* Questionnaire.m */ = {isa = PBXFileReference; fileEncoding = 4; lastKnownFileType = sourcecode.c.objc; path = Questionnaire.m; sourceTree = "<group>"; };
		685D13391A598A4B00230FFA /* valider.png */ = {isa = PBXFileReference; lastKnownFileType = image.png; name = valider.png; path = "Permis Bateau/Images.xcassets/valider.png"; sourceTree = "<group>"; };
		689DF0421A18C67E0076133D /* ViewListeDeroulanteExamenThematique.h */ = {isa = PBXFileReference; lastKnownFileType = sourcecode.c.h; path = ViewListeDeroulanteExamenThematique.h; sourceTree = "<group>"; };
		689DF0431A18C6920076133D /* ViewListeDeroulanteExamenThematique.m */ = {isa = PBXFileReference; fileEncoding = 4; lastKnownFileType = sourcecode.c.objc; path = ViewListeDeroulanteExamenThematique.m; sourceTree = "<group>"; };
		689DF0481A191D650076133D /* ViewQuestionnaire.h */ = {isa = PBXFileReference; lastKnownFileType = sourcecode.c.h; path = ViewQuestionnaire.h; sourceTree = "<group>"; };
		689DF0491A191D7C0076133D /* ViewQuestionnaire.m */ = {isa = PBXFileReference; fileEncoding = 4; lastKnownFileType = sourcecode.c.objc; path = ViewQuestionnaire.m; sourceTree = "<group>"; };
		689DF0521A1A7FCC0076133D /* Reponse.h */ = {isa = PBXFileReference; fileEncoding = 4; lastKnownFileType = sourcecode.c.h; path = Reponse.h; sourceTree = "<group>"; };
		689DF0531A1A7FCC0076133D /* Reponse.m */ = {isa = PBXFileReference; fileEncoding = 4; lastKnownFileType = sourcecode.c.objc; path = Reponse.m; sourceTree = "<group>"; };
		68B58B8E1A176F930026C3B0 /* Permis Bateau.app */ = {isa = PBXFileReference; explicitFileType = wrapper.application; includeInIndex = 0; path = "Permis Bateau.app"; sourceTree = BUILT_PRODUCTS_DIR; };
		68B58B921A176F930026C3B0 /* Info.plist */ = {isa = PBXFileReference; lastKnownFileType = text.plist.xml; path = Info.plist; sourceTree = "<group>"; };
		68B58B931A176F930026C3B0 /* main.m */ = {isa = PBXFileReference; lastKnownFileType = sourcecode.c.objc; path = main.m; sourceTree = "<group>"; };
		68B58B951A176F930026C3B0 /* AppDelegate.h */ = {isa = PBXFileReference; lastKnownFileType = sourcecode.c.h; path = AppDelegate.h; sourceTree = "<group>"; };
		68B58B961A176F930026C3B0 /* AppDelegate.m */ = {isa = PBXFileReference; lastKnownFileType = sourcecode.c.objc; path = AppDelegate.m; sourceTree = "<group>"; };
		68B58B991A176F940026C3B0 /* Permis_Bateau.xcdatamodel */ = {isa = PBXFileReference; lastKnownFileType = wrapper.xcdatamodel; path = Permis_Bateau.xcdatamodel; sourceTree = "<group>"; };
		68B58B9B1A176F940026C3B0 /* ViewController.h */ = {isa = PBXFileReference; lastKnownFileType = sourcecode.c.h; path = ViewController.h; sourceTree = "<group>"; };
		68B58B9C1A176F940026C3B0 /* ViewController.m */ = {isa = PBXFileReference; lastKnownFileType = sourcecode.c.objc; path = ViewController.m; sourceTree = "<group>"; };
		68B58B9F1A176F940026C3B0 /* Base */ = {isa = PBXFileReference; lastKnownFileType = file.storyboard; name = Base; path = Base.lproj/Main.storyboard; sourceTree = "<group>"; };
		68B58BA11A176F940026C3B0 /* Images.xcassets */ = {isa = PBXFileReference; lastKnownFileType = folder.assetcatalog; path = Images.xcassets; sourceTree = "<group>"; };
		68B58BA41A176F940026C3B0 /* Base */ = {isa = PBXFileReference; lastKnownFileType = file.xib; name = Base; path = Base.lproj/LaunchScreen.xib; sourceTree = "<group>"; };
		68B58BAA1A176F940026C3B0 /* Permis BateauTests.xctest */ = {isa = PBXFileReference; explicitFileType = wrapper.cfbundle; includeInIndex = 0; path = "Permis BateauTests.xctest"; sourceTree = BUILT_PRODUCTS_DIR; };
		68B58BAF1A176F940026C3B0 /* Info.plist */ = {isa = PBXFileReference; lastKnownFileType = text.plist.xml; path = Info.plist; sourceTree = "<group>"; };
		68B58BB01A176F940026C3B0 /* Permis_BateauTests.m */ = {isa = PBXFileReference; lastKnownFileType = sourcecode.c.objc; path = Permis_BateauTests.m; sourceTree = "<group>"; };
		68B58BBA1A1774530026C3B0 /* Question.h */ = {isa = PBXFileReference; fileEncoding = 4; lastKnownFileType = sourcecode.c.h; path = Question.h; sourceTree = "<group>"; };
		68B58BBB1A1774530026C3B0 /* Question.m */ = {isa = PBXFileReference; fileEncoding = 4; lastKnownFileType = sourcecode.c.objc; path = Question.m; sourceTree = "<group>"; };
		68B58BBD1A1774540026C3B0 /* Theme.h */ = {isa = PBXFileReference; fileEncoding = 4; lastKnownFileType = sourcecode.c.h; path = Theme.h; sourceTree = "<group>"; };
		68B58BBE1A1774540026C3B0 /* Theme.m */ = {isa = PBXFileReference; fileEncoding = 4; lastKnownFileType = sourcecode.c.objc; path = Theme.m; sourceTree = "<group>"; };
/* End PBXFileReference section */

/* Begin PBXFrameworksBuildPhase section */
		68B58B8B1A176F930026C3B0 /* Frameworks */ = {
			isa = PBXFrameworksBuildPhase;
			buildActionMask = 2147483647;
			files = (
			);
			runOnlyForDeploymentPostprocessing = 0;
		};
		68B58BA71A176F940026C3B0 /* Frameworks */ = {
			isa = PBXFrameworksBuildPhase;
			buildActionMask = 2147483647;
			files = (
			);
			runOnlyForDeploymentPostprocessing = 0;
		};
/* End PBXFrameworksBuildPhase section */

/* Begin PBXGroup section */
		685D133B1A598A5600230FFA /* img */ = {
			isa = PBXGroup;
			children = (
				685D13391A598A4B00230FFA /* valider.png */,
			);
			name = img;
			path = ..;
			sourceTree = "<group>";
		};
		689DF04B1A191FF60076133D /* Metier */ = {
			isa = PBXGroup;
			children = (
				685D13361A582DE200230FFA /* Questionnaire.h */,
				685D13371A582DE200230FFA /* Questionnaire.m */,
				68B58BBD1A1774540026C3B0 /* Theme.h */,
				68B58BBE1A1774540026C3B0 /* Theme.m */,
				68B58BBA1A1774530026C3B0 /* Question.h */,
				68B58BBB1A1774530026C3B0 /* Question.m */,
				689DF0521A1A7FCC0076133D /* Reponse.h */,
				689DF0531A1A7FCC0076133D /* Reponse.m */,
			);
			name = Metier;
			sourceTree = "<group>";
		};
		68B58B851A176F930026C3B0 = {
			isa = PBXGroup;
			children = (
				68B58B901A176F930026C3B0 /* Permis Bateau */,
				68B58BAD1A176F940026C3B0 /* Permis BateauTests */,
				68B58B8F1A176F930026C3B0 /* Products */,
			);
			sourceTree = "<group>";
		};
		68B58B8F1A176F930026C3B0 /* Products */ = {
			isa = PBXGroup;
			children = (
				68B58B8E1A176F930026C3B0 /* Permis Bateau.app */,
				68B58BAA1A176F940026C3B0 /* Permis BateauTests.xctest */,
			);
			name = Products;
			sourceTree = "<group>";
		};
		68B58B901A176F930026C3B0 /* Permis Bateau */ = {
			isa = PBXGroup;
			children = (
				68B58B951A176F930026C3B0 /* AppDelegate.h */,
				68B58B961A176F930026C3B0 /* AppDelegate.m */,
				68B58B9B1A176F940026C3B0 /* ViewController.h */,
				68B58B9C1A176F940026C3B0 /* ViewController.m */,
				689DF0421A18C67E0076133D /* ViewListeDeroulanteExamenThematique.h */,
				689DF0431A18C6920076133D /* ViewListeDeroulanteExamenThematique.m */,
				689DF0481A191D650076133D /* ViewQuestionnaire.h */,
				689DF0491A191D7C0076133D /* ViewQuestionnaire.m */,
				68B58B9E1A176F940026C3B0 /* Main.storyboard */,
				68B58BA11A176F940026C3B0 /* Images.xcassets */,
				68B58BA31A176F940026C3B0 /* LaunchScreen.xib */,
				68B58B981A176F940026C3B0 /* Permis_Bateau.xcdatamodeld */,
				685D133B1A598A5600230FFA /* img */,
				689DF04B1A191FF60076133D /* Metier */,
				68B58B911A176F930026C3B0 /* Supporting Files */,
			);
			path = "Permis Bateau";
			sourceTree = "<group>";
		};
		68B58B911A176F930026C3B0 /* Supporting Files */ = {
			isa = PBXGroup;
			children = (
				68B58B921A176F930026C3B0 /* Info.plist */,
				68B58B931A176F930026C3B0 /* main.m */,
			);
			name = "Supporting Files";
			sourceTree = "<group>";
		};
		68B58BAD1A176F940026C3B0 /* Permis BateauTests */ = {
			isa = PBXGroup;
			children = (
				68B58BB01A176F940026C3B0 /* Permis_BateauTests.m */,
				68B58BAE1A176F940026C3B0 /* Supporting Files */,
			);
			path = "Permis BateauTests";
			sourceTree = "<group>";
		};
		68B58BAE1A176F940026C3B0 /* Supporting Files */ = {
			isa = PBXGroup;
			children = (
				68B58BAF1A176F940026C3B0 /* Info.plist */,
			);
			name = "Supporting Files";
			sourceTree = "<group>";
		};
/* End PBXGroup section */

/* Begin PBXNativeTarget section */
		68B58B8D1A176F930026C3B0 /* Permis Bateau */ = {
			isa = PBXNativeTarget;
			buildConfigurationList = 68B58BB41A176F940026C3B0 /* Build configuration list for PBXNativeTarget "Permis Bateau" */;
			buildPhases = (
				68B58B8A1A176F930026C3B0 /* Sources */,
				68B58B8B1A176F930026C3B0 /* Frameworks */,
				68B58B8C1A176F930026C3B0 /* Resources */,
			);
			buildRules = (
			);
			dependencies = (
			);
			name = "Permis Bateau";
			productName = "Permis Bateau";
			productReference = 68B58B8E1A176F930026C3B0 /* Permis Bateau.app */;
			productType = "com.apple.product-type.application";
		};
		68B58BA91A176F940026C3B0 /* Permis BateauTests */ = {
			isa = PBXNativeTarget;
			buildConfigurationList = 68B58BB71A176F940026C3B0 /* Build configuration list for PBXNativeTarget "Permis BateauTests" */;
			buildPhases = (
				68B58BA61A176F940026C3B0 /* Sources */,
				68B58BA71A176F940026C3B0 /* Frameworks */,
				68B58BA81A176F940026C3B0 /* Resources */,
			);
			buildRules = (
			);
			dependencies = (
				68B58BAC1A176F940026C3B0 /* PBXTargetDependency */,
			);
			name = "Permis BateauTests";
			productName = "Permis BateauTests";
			productReference = 68B58BAA1A176F940026C3B0 /* Permis BateauTests.xctest */;
			productType = "com.apple.product-type.bundle.unit-test";
		};
/* End PBXNativeTarget section */

/* Begin PBXProject section */
		68B58B861A176F930026C3B0 /* Project object */ = {
			isa = PBXProject;
			attributes = {
				LastUpgradeCheck = 0610;
				ORGANIZATIONNAME = "Alexandre Dubois";
				TargetAttributes = {
					68B58B8D1A176F930026C3B0 = {
						CreatedOnToolsVersion = 6.1;
					};
					68B58BA91A176F940026C3B0 = {
						CreatedOnToolsVersion = 6.1;
						TestTargetID = 68B58B8D1A176F930026C3B0;
					};
				};
			};
			buildConfigurationList = 68B58B891A176F930026C3B0 /* Build configuration list for PBXProject "Permis Bateau" */;
			compatibilityVersion = "Xcode 3.2";
			developmentRegion = English;
			hasScannedForEncodings = 0;
			knownRegions = (
				en,
				Base,
			);
			mainGroup = 68B58B851A176F930026C3B0;
			productRefGroup = 68B58B8F1A176F930026C3B0 /* Products */;
			projectDirPath = "";
			projectRoot = "";
			targets = (
				68B58B8D1A176F930026C3B0 /* Permis Bateau */,
				68B58BA91A176F940026C3B0 /* Permis BateauTests */,
			);
		};
/* End PBXProject section */

/* Begin PBXResourcesBuildPhase section */
		68B58B8C1A176F930026C3B0 /* Resources */ = {
			isa = PBXResourcesBuildPhase;
			buildActionMask = 2147483647;
			files = (
				68B58BA01A176F940026C3B0 /* Main.storyboard in Resources */,
				685D133A1A598A4B00230FFA /* valider.png in Resources */,
				68B58BA51A176F940026C3B0 /* LaunchScreen.xib in Resources */,
				68B58BA21A176F940026C3B0 /* Images.xcassets in Resources */,
			);
			runOnlyForDeploymentPostprocessing = 0;
		};
		68B58BA81A176F940026C3B0 /* Resources */ = {
			isa = PBXResourcesBuildPhase;
			buildActionMask = 2147483647;
			files = (
			);
			runOnlyForDeploymentPostprocessing = 0;
		};
/* End PBXResourcesBuildPhase section */

/* Begin PBXSourcesBuildPhase section */
		68B58B8A1A176F930026C3B0 /* Sources */ = {
			isa = PBXSourcesBuildPhase;
			buildActionMask = 2147483647;
			files = (
				689DF04A1A191D7C0076133D /* ViewQuestionnaire.m in Sources */,
				689DF0441A18C6920076133D /* ViewListeDeroulanteExamenThematique.m in Sources */,
				68B58B9A1A176F940026C3B0 /* Permis_Bateau.xcdatamodeld in Sources */,
				68B58B971A176F930026C3B0 /* AppDelegate.m in Sources */,
				68B58BBC1A1774530026C3B0 /* Question.m in Sources */,
				68B58BBF1A1774540026C3B0 /* Theme.m in Sources */,
				68B58B9D1A176F940026C3B0 /* ViewController.m in Sources */,
				689DF0541A1A7FCC0076133D /* Reponse.m in Sources */,
				68B58B941A176F930026C3B0 /* main.m in Sources */,
				685D13381A582DE200230FFA /* Questionnaire.m in Sources */,
			);
			runOnlyForDeploymentPostprocessing = 0;
		};
		68B58BA61A176F940026C3B0 /* Sources */ = {
			isa = PBXSourcesBuildPhase;
			buildActionMask = 2147483647;
			files = (
				68B58BB11A176F940026C3B0 /* Permis_BateauTests.m in Sources */,
			);
			runOnlyForDeploymentPostprocessing = 0;
		};
/* End PBXSourcesBuildPhase section */

/* Begin PBXTargetDependency section */
		68B58BAC1A176F940026C3B0 /* PBXTargetDependency */ = {
			isa = PBXTargetDependency;
			target = 68B58B8D1A176F930026C3B0 /* Permis Bateau */;
			targetProxy = 68B58BAB1A176F940026C3B0 /* PBXContainerItemProxy */;
		};
/* End PBXTargetDependency section */

/* Begin PBXVariantGroup section */
		68B58B9E1A176F940026C3B0 /* Main.storyboard */ = {
			isa = PBXVariantGroup;
			children = (
				68B58B9F1A176F940026C3B0 /* Base */,
			);
			name = Main.storyboard;
			sourceTree = "<group>";
		};
		68B58BA31A176F940026C3B0 /* LaunchScreen.xib */ = {
			isa = PBXVariantGroup;
			children = (
				68B58BA41A176F940026C3B0 /* Base */,
			);
			name = LaunchScreen.xib;
			sourceTree = "<group>";
		};
/* End PBXVariantGroup section */

/* Begin XCBuildConfiguration section */
		68B58BB21A176F940026C3B0 /* Debug */ = {
			isa = XCBuildConfiguration;
			buildSettings = {
				ALWAYS_SEARCH_USER_PATHS = NO;
				CLANG_CXX_LANGUAGE_STANDARD = "gnu++0x";
				CLANG_CXX_LIBRARY = "libc++";
				CLANG_ENABLE_MODULES = YES;
				CLANG_ENABLE_OBJC_ARC = YES;
				CLANG_WARN_BOOL_CONVERSION = YES;
				CLANG_WARN_CONSTANT_CONVERSION = YES;
				CLANG_WARN_DIRECT_OBJC_ISA_USAGE = YES_ERROR;
				CLANG_WARN_EMPTY_BODY = YES;
				CLANG_WARN_ENUM_CONVERSION = YES;
				CLANG_WARN_INT_CONVERSION = YES;
				CLANG_WARN_OBJC_ROOT_CLASS = YES_ERROR;
				CLANG_WARN_UNREACHABLE_CODE = YES;
				CLANG_WARN__DUPLICATE_METHOD_MATCH = YES;
				"CODE_SIGN_IDENTITY[sdk=iphoneos*]" = "iPhone Developer";
				COPY_PHASE_STRIP = NO;
				ENABLE_STRICT_OBJC_MSGSEND = YES;
				GCC_C_LANGUAGE_STANDARD = gnu99;
				GCC_DYNAMIC_NO_PIC = NO;
				GCC_OPTIMIZATION_LEVEL = 0;
				GCC_PREPROCESSOR_DEFINITIONS = (
					"DEBUG=1",
					"$(inherited)",
				);
				GCC_SYMBOLS_PRIVATE_EXTERN = NO;
				GCC_WARN_64_TO_32_BIT_CONVERSION = YES;
				GCC_WARN_ABOUT_RETURN_TYPE = YES_ERROR;
				GCC_WARN_UNDECLARED_SELECTOR = YES;
				GCC_WARN_UNINITIALIZED_AUTOS = YES_AGGRESSIVE;
				GCC_WARN_UNUSED_FUNCTION = YES;
				GCC_WARN_UNUSED_VARIABLE = YES;
				IPHONEOS_DEPLOYMENT_TARGET = 8.1;
				MTL_ENABLE_DEBUG_INFO = YES;
				ONLY_ACTIVE_ARCH = YES;
				SDKROOT = iphoneos;
			};
			name = Debug;
		};
		68B58BB31A176F940026C3B0 /* Release */ = {
			isa = XCBuildConfiguration;
			buildSettings = {
				ALWAYS_SEARCH_USER_PATHS = NO;
				CLANG_CXX_LANGUAGE_STANDARD = "gnu++0x";
				CLANG_CXX_LIBRARY = "libc++";
				CLANG_ENABLE_MODULES = YES;
				CLANG_ENABLE_OBJC_ARC = YES;
				CLANG_WARN_BOOL_CONVERSION = YES;
				CLANG_WARN_CONSTANT_CONVERSION = YES;
				CLANG_WARN_DIRECT_OBJC_ISA_USAGE = YES_ERROR;
				CLANG_WARN_EMPTY_BODY = YES;
				CLANG_WARN_ENUM_CONVERSION = YES;
				CLANG_WARN_INT_CONVERSION = YES;
				CLANG_WARN_OBJC_ROOT_CLASS = YES_ERROR;
				CLANG_WARN_UNREACHABLE_CODE = YES;
				CLANG_WARN__DUPLICATE_METHOD_MATCH = YES;
				"CODE_SIGN_IDENTITY[sdk=iphoneos*]" = "iPhone Developer";
				COPY_PHASE_STRIP = YES;
				ENABLE_NS_ASSERTIONS = NO;
				ENABLE_STRICT_OBJC_MSGSEND = YES;
				GCC_C_LANGUAGE_STANDARD = gnu99;
				GCC_WARN_64_TO_32_BIT_CONVERSION = YES;
				GCC_WARN_ABOUT_RETURN_TYPE = YES_ERROR;
				GCC_WARN_UNDECLARED_SELECTOR = YES;
				GCC_WARN_UNINITIALIZED_AUTOS = YES_AGGRESSIVE;
				GCC_WARN_UNUSED_FUNCTION = YES;
				GCC_WARN_UNUSED_VARIABLE = YES;
				IPHONEOS_DEPLOYMENT_TARGET = 8.1;
				MTL_ENABLE_DEBUG_INFO = NO;
				SDKROOT = iphoneos;
				VALIDATE_PRODUCT = YES;
			};
			name = Release;
		};
		68B58BB51A176F940026C3B0 /* Debug */ = {
			isa = XCBuildConfiguration;
			buildSettings = {
				ASSETCATALOG_COMPILER_APPICON_NAME = AppIcon;
				INFOPLIST_FILE = "Permis Bateau/Info.plist";
				LD_RUNPATH_SEARCH_PATHS = "$(inherited) @executable_path/Frameworks";
				PRODUCT_NAME = "$(TARGET_NAME)";
			};
			name = Debug;
		};
		68B58BB61A176F940026C3B0 /* Release */ = {
			isa = XCBuildConfiguration;
			buildSettings = {
				ASSETCATALOG_COMPILER_APPICON_NAME = AppIcon;
				INFOPLIST_FILE = "Permis Bateau/Info.plist";
				LD_RUNPATH_SEARCH_PATHS = "$(inherited) @executable_path/Frameworks";
				PRODUCT_NAME = "$(TARGET_NAME)";
			};
			name = Release;
		};
		68B58BB81A176F940026C3B0 /* Debug */ = {
			isa = XCBuildConfiguration;
			buildSettings = {
				BUNDLE_LOADER = "$(TEST_HOST)";
				FRAMEWORK_SEARCH_PATHS = (
					"$(SDKROOT)/Developer/Library/Frameworks",
					"$(inherited)",
				);
				GCC_PREPROCESSOR_DEFINITIONS = (
					"DEBUG=1",
					"$(inherited)",
				);
				INFOPLIST_FILE = "Permis BateauTests/Info.plist";
				LD_RUNPATH_SEARCH_PATHS = "$(inherited) @executable_path/Frameworks @loader_path/Frameworks";
				PRODUCT_NAME = "$(TARGET_NAME)";
				TEST_HOST = "$(BUILT_PRODUCTS_DIR)/Permis Bateau.app/Permis Bateau";
			};
			name = Debug;
		};
		68B58BB91A176F940026C3B0 /* Release */ = {
			isa = XCBuildConfiguration;
			buildSettings = {
				BUNDLE_LOADER = "$(TEST_HOST)";
				FRAMEWORK_SEARCH_PATHS = (
					"$(SDKROOT)/Developer/Library/Frameworks",
					"$(inherited)",
				);
				INFOPLIST_FILE = "Permis BateauTests/Info.plist";
				LD_RUNPATH_SEARCH_PATHS = "$(inherited) @executable_path/Frameworks @loader_path/Frameworks";
				PRODUCT_NAME = "$(TARGET_NAME)";
				TEST_HOST = "$(BUILT_PRODUCTS_DIR)/Permis Bateau.app/Permis Bateau";
			};
			name = Release;
		};
/* End XCBuildConfiguration section */

/* Begin XCConfigurationList section */
		68B58B891A176F930026C3B0 /* Build configuration list for PBXProject "Permis Bateau" */ = {
			isa = XCConfigurationList;
			buildConfigurations = (
				68B58BB21A176F940026C3B0 /* Debug */,
				68B58BB31A176F940026C3B0 /* Release */,
			);
			defaultConfigurationIsVisible = 0;
			defaultConfigurationName = Release;
		};
		68B58BB41A176F940026C3B0 /* Build configuration list for PBXNativeTarget "Permis Bateau" */ = {
			isa = XCConfigurationList;
			buildConfigurations = (
				68B58BB51A176F940026C3B0 /* Debug */,
				68B58BB61A176F940026C3B0 /* Release */,
			);
			defaultConfigurationIsVisible = 0;
			defaultConfigurationName = Release;
		};
		68B58BB71A176F940026C3B0 /* Build configuration list for PBXNativeTarget "Permis BateauTests" */ = {
			isa = XCConfigurationList;
			buildConfigurations = (
				68B58BB81A176F940026C3B0 /* Debug */,
				68B58BB91A176F940026C3B0 /* Release */,
			);
			defaultConfigurationIsVisible = 0;
			defaultConfigurationName = Release;
		};
/* End XCConfigurationList section */

/* Begin XCVersionGroup section */
		68B58B981A176F940026C3B0 /* Permis_Bateau.xcdatamodeld */ = {
			isa = XCVersionGroup;
			children = (
				68B58B991A176F940026C3B0 /* Permis_Bateau.xcdatamodel */,
			);
			currentVersion = 68B58B991A176F940026C3B0 /* Permis_Bateau.xcdatamodel */;
			path = Permis_Bateau.xcdatamodeld;
			sourceTree = "<group>";
			versionGroupType = wrapper.xcdatamodel;
		};
/* End XCVersionGroup section */
	};
	rootObject = 68B58B861A176F930026C3B0 /* Project object */;
}
